{
  "version": "v1",
  "packages": {
    "@trazit/common-core": {
      "version": "1.0.0",
      "signature": "938b910bcecca93396fddf02063de815",
      "file": true
    },
    "@trazit/tr-dialog": {
      "version": "1.1.0",
      "signature": "f24da536f8a0fe54c11213a4fe38d96d",
      "file": true
    },
    "@trazit/platform-login": {
      "version": "2.2.0",
      "signature": "cc6759d018aba253a4920b72504a978a",
      "file": true
    },
    "@trazit/utils-actions-functions": {
      "version": "1.0.0",
      "signature": "8af20d5380455dd097d2845baeb61ff4",
      "file": true
    }
  }
}