{
  "version": "v1",
  "packages": {
    "@trazit/common-core": {
      "version": "1.0.0",
      "signature": "938b910bcecca93396fddf02063de815",
      "file": true
    },
    "@trazit/tr-styling": {
      "version": "1.0.0",
      "signature": "2fe85c87cf1a23ba3ae61c73cd20c855",
      "file": true
    },
    "@trazit/platform-login": {
      "version": "2.2.0",
      "signature": "cc6759d018aba253a4920b72504a978a",
      "file": true
    },
    "@trazit/build-label": {
      "version": "1.0.0",
      "signature": "55120089a17c89fe9e413a8f8f40bd85",
      "file": true
    },
    "@trazit/build-numerics": {
      "version": "1.0.0",
      "signature": "a93ecbb87ab6f87ccbb689ff65332578",
      "file": true
    },
    "@trazit/cred-dialog": {
      "version": "1.0.0",
      "signature": "c285800172197ef64d6a7040fe820bc5",
      "file": true
    },
    "@trazit/tr-dialog": {
      "version": "1.1.0",
      "signature": "85d408d6d72f59c9c3c874ac442feb1a",
      "file": true
    }
  }
}