{
  "version": "v1",
  "packages": {
    "@trazit/cred-dialog": {
      "version": "1.0.0",
      "signature": "600d7fc9eb7db9b526d7c2c79bb1254f",
      "file": true
    },
    "@trazit/tr-dialog": {
      "version": "1.1.0",
      "signature": "3ac1e52ecb2232467cc1f95fec8e0e6a",
      "file": true
    },
    "@trazit/common-core": {
      "version": "1.0.0",
      "signature": "938b910bcecca93396fddf02063de815",
      "file": true
    },
    "@trazit/tr-styling": {
      "version": "1.0.0",
      "signature": "2fe85c87cf1a23ba3ae61c73cd20c855",
      "file": true
    },
    "@trazit/platform-login": {
      "version": "2.2.0",
      "signature": "46fab9cf6c65e4e8d865ec828d8e53a8",
      "file": true
    },
    "@trazit/build-label": {
      "version": "1.0.0",
      "signature": "adfd63511a8dcec90c43d6a01c486ba4",
      "file": true
    },
    "@trazit/build-numerics": {
      "signature": "a93ecbb87ab6f87ccbb689ff65332578",
      "file": true
    }
  }
}