{
  "version": "v1",
  "packages": {
    "@trazit/common-core": {
      "version": "1.0.0",
      "signature": "938b910bcecca93396fddf02063de815",
      "file": true
    },
    "@trazit/tr-styling": {
      "version": "1.0.0",
      "signature": "2fe85c87cf1a23ba3ae61c73cd20c855",
      "file": true
    },
    "@trazit/platform-login": {
      "version": "2.2.0",
      "signature": "cc6759d018aba253a4920b72504a978a",
      "file": true
    },
    "@trazit/build-label": {
      "version": "1.0.0",
      "signature": "55120089a17c89fe9e413a8f8f40bd85",
      "file": true
    },
    "@trazit/build-numerics": {
      "version": "1.0.0",
      "signature": "a93ecbb87ab6f87ccbb689ff65332578",
      "file": true
    },
    "@trazit/cred-dialog": {
      "version": "0.0.4",
      "signature": "14d5d4c891c0bcd7750b685b1729d395",
      "file": true
    },
    "@trazit/tr-dialog": {
      "version": "0.0.1",
      "signature": "3ea2dc594ddcd1a2af69d5599c7cba77",
      "file": true
    }
  }
}